Microsoft Visual Studio Solution File, Format Version 12.00
# Visual Studio Version 17
VisualStudioVersion = 17.5.2.0
MinimumVisualStudioVersion = 10.0.40219.1
Project("{FAE04EC0-301F-11D3-BF4B-00C04F79EFBC}") = "project_azure_final", "project_azure_final.csproj", "{531746FC-AD9A-71D9-17A4-00C65D76F3D7}"
EndProject
Global
	GlobalSection(SolutionConfigurationPlatforms) = preSolution
		Debug|Any CPU = Debug|Any CPU
		Release|Any CPU = Release|Any CPU
	EndGlobalSection
	GlobalSection(ProjectConfigurationPlatforms) = postSolution
		{531746FC-AD9A-71D9-17A4-00C65D76F3D7}.Debug|Any CPU.ActiveCfg = Debug|Any CPU
		{531746FC-AD9A-71D9-17A4-00C65D76F3D7}.Debug|Any CPU.Build.0 = Debug|Any CPU
		{531746FC-AD9A-71D9-17A4-00C65D76F3D7}.Release|Any CPU.ActiveCfg = Release|Any CPU
		{531746FC-AD9A-71D9-17A4-00C65D76F3D7}.Release|Any CPU.Build.0 = Release|Any CPU
	EndGlobalSection
	GlobalSection(SolutionProperties) = preSolution
		HideSolutionNode = FALSE
	EndGlobalSection
	GlobalSection(ExtensibilityGlobals) = postSolution
		SolutionGuid = {085629FA-6E78-454A-A82A-E135574EBD33}
	EndGlobalSection
EndGlobal
